// !$*UTF8*$!
{
	archiveVersion = 1;
	classes = {
	};
	objectVersion = 46;
	objects = {

/* Begin PBXBuildFile section */
		B480457519F973B200BB995D /* Foundation.framework in Frameworks */ = {isa = PBXBuildFile; fileRef = B480457419F973B200BB995D /* Foundation.framework */; };
		B480457719F973B200BB995D /* CoreGraphics.framework in Frameworks */ = {isa = PBXBuildFile; fileRef = B480457619F973B200BB995D /* CoreGraphics.framework */; };
		B480457919F973B300BB995D /* UIKit.framework in Frameworks */ = {isa = PBXBuildFile; fileRef = B480457819F973B200BB995D /* UIKit.framework */; };
		B480457F19F973B300BB995D /* InfoPlist.strings in Resources */ = {isa = PBXBuildFile; fileRef = B480457D19F973B300BB995D /* InfoPlist.strings */; };
		B480458119F973B300BB995D /* main.m in Sources */ = {isa = PBXBuildFile; fileRef = B480458019F973B300BB995D /* main.m */; };
		B480458519F973B300BB995D /* SIAppDelegate.m in Sources */ = {isa = PBXBuildFile; fileRef = B480458419F973B300BB995D /* SIAppDelegate.m */; };
		B480458819F973B300BB995D /* Main_iPhone.storyboard in Resources */ = {isa = PBXBuildFile; fileRef = B480458619F973B300BB995D /* Main_iPhone.storyboard */; };
		B480458B19F973B300BB995D /* Main_iPad.storyboard in Resources */ = {isa = PBXBuildFile; fileRef = B480458919F973B300BB995D /* Main_iPad.storyboard */; };
		B480458E19F973B300BB995D /* SIViewController.m in Sources */ = {isa = PBXBuildFile; fileRef = B480458D19F973B300BB995D /* SIViewController.m */; };
		B480459019F973B300BB995D /* Images.xcassets in Resources */ = {isa = PBXBuildFile; fileRef = B480458F19F973B300BB995D /* Images.xcassets */; };
		B480459719F973B300BB995D /* XCTest.framework in Frameworks */ = {isa = PBXBuildFile; fileRef = B480459619F973B300BB995D /* XCTest.framework */; };
		B480459819F973B300BB995D /* Foundation.framework in Frameworks */ = {isa = PBXBuildFile; fileRef = B480457419F973B200BB995D /* Foundation.framework */; };
		B480459919F973B300BB995D /* UIKit.framework in Frameworks */ = {isa = PBXBuildFile; fileRef = B480457819F973B200BB995D /* UIKit.framework */; };
		B48045A119F973B300BB995D /* InfoPlist.strings in Resources */ = {isa = PBXBuildFile; fileRef = B480459F19F973B300BB995D /* InfoPlist.strings */; };
		B48045A319F973B300BB995D /* ScrapeItTests.m in Sources */ = {isa = PBXBuildFile; fileRef = B48045A219F973B300BB995D /* ScrapeItTests.m */; };
		B48045B319F9806C00BB995D /* backgroundImage.png in Resources */ = {isa = PBXBuildFile; fileRef = B48045AD19F9806C00BB995D /* backgroundImage.png */; };
		B48045B419F9806C00BB995D /* defaultPic.png in Resources */ = {isa = PBXBuildFile; fileRef = B48045AE19F9806C00BB995D /* defaultPic.png */; };
		B48045B519F9806C00BB995D /* downloadDisabled.png in Resources */ = {isa = PBXBuildFile; fileRef = B48045AF19F9806C00BB995D /* downloadDisabled.png */; };
		B48045B619F9806C00BB995D /* downloadEnabled.png in Resources */ = {isa = PBXBuildFile; fileRef = B48045B019F9806C00BB995D /* downloadEnabled.png */; };
		B48045B719F9806C00BB995D /* link.png in Resources */ = {isa = PBXBuildFile; fileRef = B48045B119F9806C00BB995D /* link.png */; };
		B48045B819F9806C00BB995D /* topBackground.png in Resources */ = {isa = PBXBuildFile; fileRef = B48045B219F9806C00BB995D /* topBackground.png */; };
		B4AD0B1B19FA934200F2822E /* TFHpple.m in Sources */ = {isa = PBXBuildFile; fileRef = B4AD0B1819FA934200F2822E /* TFHpple.m */; };
		B4AD0B1C19FA934200F2822E /* TFHppleElement.m in Sources */ = {isa = PBXBuildFile; fileRef = B4AD0B1A19FA934200F2822E /* TFHppleElement.m */; };
		B4AD0B1F19FA93E400F2822E /* XPathQuery.m in Sources */ = {isa = PBXBuildFile; fileRef = B4AD0B1E19FA93E400F2822E /* XPathQuery.m */; };
		B4AD0B2319FA946400F2822E /* libxml2.dylib in Frameworks */ = {isa = PBXBuildFile; fileRef = B4AD0B2219FA946400F2822E /* libxml2.dylib */; };
/* End PBXBuildFile section */

/* Begin PBXContainerItemProxy section */
		B480459A19F973B300BB995D /* PBXContainerItemProxy */ = {
			isa = PBXContainerItemProxy;
			containerPortal = B480456919F973B200BB995D /* Project object */;
			proxyType = 1;
			remoteGlobalIDString = B480457019F973B200BB995D;
			remoteInfo = ScrapeIt;
		};
/* End PBXContainerItemProxy section */

/* Begin PBXFileReference section */
		B480457119F973B200BB995D /* ScrapeIt.app */ = {isa = PBXFileReference; explicitFileType = wrapper.application; includeInIndex = 0; path = ScrapeIt.app; sourceTree = BUILT_PRODUCTS_DIR; };
		B480457419F973B200BB995D /* Foundation.framework */ = {isa = PBXFileReference; lastKnownFileType = wrapper.framework; name = Foundation.framework; path = System/Library/Frameworks/Foundation.framework; sourceTree = SDKROOT; };
		B480457619F973B200BB995D /* CoreGraphics.framework */ = {isa = PBXFileReference; lastKnownFileType = wrapper.framework; name = CoreGraphics.framework; path = System/Library/Frameworks/CoreGraphics.framework; sourceTree = SDKROOT; };
		B480457819F973B200BB995D /* UIKit.framework */ = {isa = PBXFileReference; lastKnownFileType = wrapper.framework; name = UIKit.framework; path = System/Library/Frameworks/UIKit.framework; sourceTree = SDKROOT; };
		B480457C19F973B300BB995D /* ScrapeIt-Info.plist */ = {isa = PBXFileReference; lastKnownFileType = text.plist.xml; path = "ScrapeIt-Info.plist"; sourceTree = "<group>"; };
		B480457E19F973B300BB995D /* en */ = {isa = PBXFileReference; lastKnownFileType = text.plist.strings; name = en; path = en.lproj/InfoPlist.strings; sourceTree = "<group>"; };
		B480458019F973B300BB995D /* main.m */ = {isa = PBXFileReference; lastKnownFileType = sourcecode.c.objc; path = main.m; sourceTree = "<group>"; };
		B480458219F973B300BB995D /* ScrapeIt-Prefix.pch */ = {isa = PBXFileReference; lastKnownFileType = sourcecode.c.h; path = "ScrapeIt-Prefix.pch"; sourceTree = "<group>"; };
		B480458319F973B300BB995D /* SIAppDelegate.h */ = {isa = PBXFileReference; lastKnownFileType = sourcecode.c.h; path = SIAppDelegate.h; sourceTree = "<group>"; };
		B480458419F973B300BB995D /* SIAppDelegate.m */ = {isa = PBXFileReference; lastKnownFileType = sourcecode.c.objc; path = SIAppDelegate.m; sourceTree = "<group>"; };
		B480458719F973B300BB995D /* Base */ = {isa = PBXFileReference; lastKnownFileType = file.storyboard; name = Base; path = Base.lproj/Main_iPhone.storyboard; sourceTree = "<group>"; };
		B480458A19F973B300BB995D /* Base */ = {isa = PBXFileReference; lastKnownFileType = file.storyboard; name = Base; path = Base.lproj/Main_iPad.storyboard; sourceTree = "<group>"; };
		B480458C19F973B300BB995D /* SIViewController.h */ = {isa = PBXFileReference; lastKnownFileType = sourcecode.c.h; path = SIViewController.h; sourceTree = "<group>"; };
		B480458D19F973B300BB995D /* SIViewController.m */ = {isa = PBXFileReference; lastKnownFileType = sourcecode.c.objc; path = SIViewController.m; sourceTree = "<group>"; };
		B480458F19F973B300BB995D /* Images.xcassets */ = {isa = PBXFileReference; lastKnownFileType = folder.assetcatalog; path = Images.xcassets; sourceTree = "<group>"; };
		B480459519F973B300BB995D /* ScrapeItTests.xctest */ = {isa = PBXFileReference; explicitFileType = wrapper.cfbundle; includeInIndex = 0; path = ScrapeItTests.xctest; sourceTree = BUILT_PRODUCTS_DIR; };
		B480459619F973B300BB995D /* XCTest.framework */ = {isa = PBXFileReference; lastKnownFileType = wrapper.framework; name = XCTest.framework; path = Library/Frameworks/XCTest.framework; sourceTree = DEVELOPER_DIR; };
		B480459E19F973B300BB995D /* ScrapeItTests-Info.plist */ = {isa = PBXFileReference; lastKnownFileType = text.plist.xml; path = "ScrapeItTests-Info.plist"; sourceTree = "<group>"; };
		B48045A019F973B300BB995D /* en */ = {isa = PBXFileReference; lastKnownFileType = text.plist.strings; name = en; path = en.lproj/InfoPlist.strings; sourceTree = "<group>"; };
		B48045A219F973B300BB995D /* ScrapeItTests.m */ = {isa = PBXFileReference; lastKnownFileType = sourcecode.c.objc; path = ScrapeItTests.m; sourceTree = "<group>"; };
		B48045AD19F9806C00BB995D /* backgroundImage.png */ = {isa = PBXFileReference; lastKnownFileType = image.png; path = backgroundImage.png; sourceTree = "<group>"; };
		B48045AE19F9806C00BB995D /* defaultPic.png */ = {isa = PBXFileReference; lastKnownFileType = image.png; path = defaultPic.png; sourceTree = "<group>"; };
		B48045AF19F9806C00BB995D /* downloadDisabled.png */ = {isa = PBXFileReference; lastKnownFileType = image.png; path = downloadDisabled.png; sourceTree = "<group>"; };
		B48045B019F9806C00BB995D /* downloadEnabled.png */ = {isa = PBXFileReference; lastKnownFileType = image.png; path = downloadEnabled.png; sourceTree = "<group>"; };
		B48045B119F9806C00BB995D /* link.png */ = {isa = PBXFileReference; lastKnownFileType = image.png; path = link.png; sourceTree = "<group>"; };
		B48045B219F9806C00BB995D /* topBackground.png */ = {isa = PBXFileReference; lastKnownFileType = image.png; path = topBackground.png; sourceTree = "<group>"; };
		B4AD0B1719FA934200F2822E /* TFHpple.h */ = {isa = PBXFileReference; fileEncoding = 4; lastKnownFileType = sourcecode.c.h; path = TFHpple.h; sourceTree = "<group>"; };
		B4AD0B1819FA934200F2822E /* TFHpple.m */ = {isa = PBXFileReference; fileEncoding = 4; lastKnownFileType = sourcecode.c.objc; path = TFHpple.m; sourceTree = "<group>"; };
		B4AD0B1919FA934200F2822E /* TFHppleElement.h */ = {isa = PBXFileReference; fileEncoding = 4; lastKnownFileType = sourcecode.c.h; path = TFHppleElement.h; sourceTree = "<group>"; };
		B4AD0B1A19FA934200F2822E /* TFHppleElement.m */ = {isa = PBXFileReference; fileEncoding = 4; lastKnownFileType = sourcecode.c.objc; path = TFHppleElement.m; sourceTree = "<group>"; };
		B4AD0B1D19FA93E400F2822E /* XPathQuery.h */ = {isa = PBXFileReference; fileEncoding = 4; lastKnownFileType = sourcecode.c.h; path = XPathQuery.h; sourceTree = "<group>"; };
		B4AD0B1E19FA93E400F2822E /* XPathQuery.m */ = {isa = PBXFileReference; fileEncoding = 4; lastKnownFileType = sourcecode.c.objc; path = XPathQuery.m; sourceTree = "<group>"; };
		B4AD0B2219FA946400F2822E /* libxml2.dylib */ = {isa = PBXFileReference; lastKnownFileType = "compiled.mach-o.dylib"; name = libxml2.dylib; path = usr/lib/libxml2.dylib; sourceTree = SDKROOT; };
/* End PBXFileReference section */

/* Begin PBXFrameworksBuildPhase section */
		B480456E19F973B200BB995D /* Frameworks */ = {
			isa = PBXFrameworksBuildPhase;
			buildActionMask = 2147483647;
			files = (
				B4AD0B2319FA946400F2822E /* libxml2.dylib in Frameworks */,
				B480457719F973B200BB995D /* CoreGraphics.framework in Frameworks */,
				B480457919F973B300BB995D /* UIKit.framework in Frameworks */,
				B480457519F973B200BB995D /* Foundation.framework in Frameworks */,
			);
			runOnlyForDeploymentPostprocessing = 0;
		};
		B480459219F973B300BB995D /* Frameworks */ = {
			isa = PBXFrameworksBuildPhase;
			buildActionMask = 2147483647;
			files = (
				B480459719F973B300BB995D /* XCTest.framework in Frameworks */,
				B480459919F973B300BB995D /* UIKit.framework in Frameworks */,
				B480459819F973B300BB995D /* Foundation.framework in Frameworks */,
			);
			runOnlyForDeploymentPostprocessing = 0;
		};
/* End PBXFrameworksBuildPhase section */

/* Begin PBXGroup section */
		B480456819F973B200BB995D = {
			isa = PBXGroup;
			children = (
				B48045AC19F9805300BB995D /* Images */,
				B480457A19F973B300BB995D /* ScrapeIt */,
				B480459C19F973B300BB995D /* ScrapeItTests */,
				B480457319F973B200BB995D /* Frameworks */,
				B480457219F973B200BB995D /* Products */,
			);
			sourceTree = "<group>";
		};
		B480457219F973B200BB995D /* Products */ = {
			isa = PBXGroup;
			children = (
				B480457119F973B200BB995D /* ScrapeIt.app */,
				B480459519F973B300BB995D /* ScrapeItTests.xctest */,
			);
			name = Products;
			sourceTree = "<group>";
		};
		B480457319F973B200BB995D /* Frameworks */ = {
			isa = PBXGroup;
			children = (
				B4AD0B2219FA946400F2822E /* libxml2.dylib */,
				B480457419F973B200BB995D /* Foundation.framework */,
				B480457619F973B200BB995D /* CoreGraphics.framework */,
				B480457819F973B200BB995D /* UIKit.framework */,
				B480459619F973B300BB995D /* XCTest.framework */,
			);
			name = Frameworks;
			sourceTree = "<group>";
		};
		B480457A19F973B300BB995D /* ScrapeIt */ = {
			isa = PBXGroup;
			children = (
				B4AD0B1619FA934200F2822E /* HTMLParser */,
				B480458319F973B300BB995D /* SIAppDelegate.h */,
				B480458419F973B300BB995D /* SIAppDelegate.m */,
				B480458619F973B300BB995D /* Main_iPhone.storyboard */,
				B480458919F973B300BB995D /* Main_iPad.storyboard */,
				B480458C19F973B300BB995D /* SIViewController.h */,
				B480458D19F973B300BB995D /* SIViewController.m */,
				B480458F19F973B300BB995D /* Images.xcassets */,
				B480457B19F973B300BB995D /* Supporting Files */,
			);
			path = ScrapeIt;
			sourceTree = "<group>";
		};
		B480457B19F973B300BB995D /* Supporting Files */ = {
			isa = PBXGroup;
			children = (
				B480457C19F973B300BB995D /* ScrapeIt-Info.plist */,
				B480457D19F973B300BB995D /* InfoPlist.strings */,
				B480458019F973B300BB995D /* main.m */,
				B480458219F973B300BB995D /* ScrapeIt-Prefix.pch */,
			);
			name = "Supporting Files";
			sourceTree = "<group>";
		};
		B480459C19F973B300BB995D /* ScrapeItTests */ = {
			isa = PBXGroup;
			children = (
				B48045A219F973B300BB995D /* ScrapeItTests.m */,
				B480459D19F973B300BB995D /* Supporting Files */,
			);
			path = ScrapeItTests;
			sourceTree = "<group>";
		};
		B480459D19F973B300BB995D /* Supporting Files */ = {
			isa = PBXGroup;
			children = (
				B480459E19F973B300BB995D /* ScrapeItTests-Info.plist */,
				B480459F19F973B300BB995D /* InfoPlist.strings */,
			);
			name = "Supporting Files";
			sourceTree = "<group>";
		};
		B48045AC19F9805300BB995D /* Images */ = {
			isa = PBXGroup;
			children = (
				B48045AD19F9806C00BB995D /* backgroundImage.png */,
				B48045AE19F9806C00BB995D /* defaultPic.png */,
				B48045AF19F9806C00BB995D /* downloadDisabled.png */,
				B48045B019F9806C00BB995D /* downloadEnabled.png */,
				B48045B119F9806C00BB995D /* link.png */,
				B48045B219F9806C00BB995D /* topBackground.png */,
			);
			name = Images;
			path = Resources/Images;
			sourceTree = "<group>";
		};
		B4AD0B1619FA934200F2822E /* HTMLParser */ = {
			isa = PBXGroup;
			children = (
				B4AD0B1719FA934200F2822E /* TFHpple.h */,
				B4AD0B1819FA934200F2822E /* TFHpple.m */,
				B4AD0B1919FA934200F2822E /* TFHppleElement.h */,
				B4AD0B1D19FA93E400F2822E /* XPathQuery.h */,
				B4AD0B1E19FA93E400F2822E /* XPathQuery.m */,
				B4AD0B1A19FA934200F2822E /* TFHppleElement.m */,
			);
			path = HTMLParser;
			sourceTree = "<group>";
		};
/* End PBXGroup section */

/* Begin PBXNativeTarget section */
		B480457019F973B200BB995D /* ScrapeIt */ = {
			isa = PBXNativeTarget;
			buildConfigurationList = B48045A619F973B300BB995D /* Build configuration list for PBXNativeTarget "ScrapeIt" */;
			buildPhases = (
				B480456D19F973B200BB995D /* Sources */,
				B480456E19F973B200BB995D /* Frameworks */,
				B480456F19F973B200BB995D /* Resources */,
			);
			buildRules = (
			);
			dependencies = (
			);
			name = ScrapeIt;
			productName = ScrapeIt;
			productReference = B480457119F973B200BB995D /* ScrapeIt.app */;
			productType = "com.apple.product-type.application";
		};
		B480459419F973B300BB995D /* ScrapeItTests */ = {
			isa = PBXNativeTarget;
			buildConfigurationList = B48045A919F973B300BB995D /* Build configuration list for PBXNativeTarget "ScrapeItTests" */;
			buildPhases = (
				B480459119F973B300BB995D /* Sources */,
				B480459219F973B300BB995D /* Frameworks */,
				B480459319F973B300BB995D /* Resources */,
			);
			buildRules = (
			);
			dependencies = (
				B480459B19F973B300BB995D /* PBXTargetDependency */,
			);
			name = ScrapeItTests;
			productName = ScrapeItTests;
			productReference = B480459519F973B300BB995D /* ScrapeItTests.xctest */;
			productType = "com.apple.product-type.bundle.unit-test";
		};
/* End PBXNativeTarget section */

/* Begin PBXProject section */
		B480456919F973B200BB995D /* Project object */ = {
			isa = PBXProject;
			attributes = {
				CLASSPREFIX = SI;
				LastUpgradeCheck = 0510;
				ORGANIZATIONNAME = demo;
				TargetAttributes = {
					B480459419F973B300BB995D = {
						TestTargetID = B480457019F973B200BB995D;
					};
				};
			};
			buildConfigurationList = B480456C19F973B200BB995D /* Build configuration list for PBXProject "ScrapeIt" */;
			compatibilityVersion = "Xcode 3.2";
			developmentRegion = English;
			hasScannedForEncodings = 0;
			knownRegions = (
				en,
				Base,
			);
			mainGroup = B480456819F973B200BB995D;
			productRefGroup = B480457219F973B200BB995D /* Products */;
			projectDirPath = "";
			projectRoot = "";
			targets = (
				B480457019F973B200BB995D /* ScrapeIt */,
				B480459419F973B300BB995D /* ScrapeItTests */,
			);
		};
/* End PBXProject section */

/* Begin PBXResourcesBuildPhase section */
		B480456F19F973B200BB995D /* Resources */ = {
			isa = PBXResourcesBuildPhase;
			buildActionMask = 2147483647;
			files = (
				B48045B419F9806C00BB995D /* defaultPic.png in Resources */,
				B48045B619F9806C00BB995D /* downloadEnabled.png in Resources */,
				B48045B719F9806C00BB995D /* link.png in Resources */,
				B48045B519F9806C00BB995D /* downloadDisabled.png in Resources */,
				B480458B19F973B300BB995D /* Main_iPad.storyboard in Resources */,
				B480459019F973B300BB995D /* Images.xcassets in Resources */,
				B480458819F973B300BB995D /* Main_iPhone.storyboard in Resources */,
				B48045B319F9806C00BB995D /* backgroundImage.png in Resources */,
				B480457F19F973B300BB995D /* InfoPlist.strings in Resources */,
				B48045B819F9806C00BB995D /* topBackground.png in Resources */,
			);
			runOnlyForDeploymentPostprocessing = 0;
		};
		B480459319F973B300BB995D /* Resources */ = {
			isa = PBXResourcesBuildPhase;
			buildActionMask = 2147483647;
			files = (
				B48045A119F973B300BB995D /* InfoPlist.strings in Resources */,
			);
			runOnlyForDeploymentPostprocessing = 0;
		};
/* End PBXResourcesBuildPhase section */

/* Begin PBXSourcesBuildPhase section */
		B480456D19F973B200BB995D /* Sources */ = {
			isa = PBXSourcesBuildPhase;
			buildActionMask = 2147483647;
			files = (
				B480458519F973B300BB995D /* SIAppDelegate.m in Sources */,
				B480458E19F973B300BB995D /* SIViewController.m in Sources */,
				B480458119F973B300BB995D /* main.m in Sources */,
				B4AD0B1B19FA934200F2822E /* TFHpple.m in Sources */,
				B4AD0B1F19FA93E400F2822E /* XPathQuery.m in Sources */,
				B4AD0B1C19FA934200F2822E /* TFHppleElement.m in Sources */,
			);
			runOnlyForDeploymentPostprocessing = 0;
		};
		B480459119F973B300BB995D /* Sources */ = {
			isa = PBXSourcesBuildPhase;
			buildActionMask = 2147483647;
			files = (
				B48045A319F973B300BB995D /* ScrapeItTests.m in Sources */,
			);
			runOnlyForDeploymentPostprocessing = 0;
		};
/* End PBXSourcesBuildPhase section */

/* Begin PBXTargetDependency section */
		B480459B19F973B300BB995D /* PBXTargetDependency */ = {
			isa = PBXTargetDependency;
			target = B480457019F973B200BB995D /* ScrapeIt */;
			targetProxy = B480459A19F973B300BB995D /* PBXContainerItemProxy */;
		};
/* End PBXTargetDependency section */

/* Begin PBXVariantGroup section */
		B480457D19F973B300BB995D /* InfoPlist.strings */ = {
			isa = PBXVariantGroup;
			children = (
				B480457E19F973B300BB995D /* en */,
			);
			name = InfoPlist.strings;
			sourceTree = "<group>";
		};
		B480458619F973B300BB995D /* Main_iPhone.storyboard */ = {
			isa = PBXVariantGroup;
			children = (
				B480458719F973B300BB995D /* Base */,
			);
			name = Main_iPhone.storyboard;
			sourceTree = "<group>";
		};
		B480458919F973B300BB995D /* Main_iPad.storyboard */ = {
			isa = PBXVariantGroup;
			children = (
				B480458A19F973B300BB995D /* Base */,
			);
			name = Main_iPad.storyboard;
			sourceTree = "<group>";
		};
		B480459F19F973B300BB995D /* InfoPlist.strings */ = {
			isa = PBXVariantGroup;
			children = (
				B48045A019F973B300BB995D /* en */,
			);
			name = InfoPlist.strings;
			sourceTree = "<group>";
		};
/* End PBXVariantGroup section */

/* Begin XCBuildConfiguration section */
		B48045A419F973B300BB995D /* Debug */ = {
			isa = XCBuildConfiguration;
			buildSettings = {
				ALWAYS_SEARCH_USER_PATHS = NO;
				CLANG_CXX_LANGUAGE_STANDARD = "gnu++0x";
				CLANG_CXX_LIBRARY = "libc++";
				CLANG_ENABLE_MODULES = YES;
				CLANG_ENABLE_OBJC_ARC = YES;
				CLANG_WARN_BOOL_CONVERSION = YES;
				CLANG_WARN_CONSTANT_CONVERSION = YES;
				CLANG_WARN_DIRECT_OBJC_ISA_USAGE = YES_ERROR;
				CLANG_WARN_EMPTY_BODY = YES;
				CLANG_WARN_ENUM_CONVERSION = YES;
				CLANG_WARN_INT_CONVERSION = YES;
				CLANG_WARN_OBJC_ROOT_CLASS = YES_ERROR;
				CLANG_WARN__DUPLICATE_METHOD_MATCH = YES;
				"CODE_SIGN_IDENTITY[sdk=iphoneos*]" = "iPhone Developer";
				COPY_PHASE_STRIP = NO;
				GCC_C_LANGUAGE_STANDARD = gnu99;
				GCC_DYNAMIC_NO_PIC = NO;
				GCC_OPTIMIZATION_LEVEL = 0;
				GCC_PREPROCESSOR_DEFINITIONS = (
					"DEBUG=1",
					"$(inherited)",
				);
				GCC_SYMBOLS_PRIVATE_EXTERN = NO;
				GCC_WARN_64_TO_32_BIT_CONVERSION = YES;
				GCC_WARN_ABOUT_RETURN_TYPE = YES_ERROR;
				GCC_WARN_UNDECLARED_SELECTOR = YES;
				GCC_WARN_UNINITIALIZED_AUTOS = YES_AGGRESSIVE;
				GCC_WARN_UNUSED_FUNCTION = YES;
				GCC_WARN_UNUSED_VARIABLE = YES;
				IPHONEOS_DEPLOYMENT_TARGET = 7.1;
				ONLY_ACTIVE_ARCH = YES;
				SDKROOT = iphoneos;
				TARGETED_DEVICE_FAMILY = "1,2";
			};
			name = Debug;
		};
		B48045A519F973B300BB995D /* Release */ = {
			isa = XCBuildConfiguration;
			buildSettings = {
				ALWAYS_SEARCH_USER_PATHS = NO;
				CLANG_CXX_LANGUAGE_STANDARD = "gnu++0x";
				CLANG_CXX_LIBRARY = "libc++";
				CLANG_ENABLE_MODULES = YES;
				CLANG_ENABLE_OBJC_ARC = YES;
				CLANG_WARN_BOOL_CONVERSION = YES;
				CLANG_WARN_CONSTANT_CONVERSION = YES;
				CLANG_WARN_DIRECT_OBJC_ISA_USAGE = YES_ERROR;
				CLANG_WARN_EMPTY_BODY = YES;
				CLANG_WARN_ENUM_CONVERSION = YES;
				CLANG_WARN_INT_CONVERSION = YES;
				CLANG_WARN_OBJC_ROOT_CLASS = YES_ERROR;
				CLANG_WARN__DUPLICATE_METHOD_MATCH = YES;
				"CODE_SIGN_IDENTITY[sdk=iphoneos*]" = "iPhone Developer";
				COPY_PHASE_STRIP = YES;
				ENABLE_NS_ASSERTIONS = NO;
				GCC_C_LANGUAGE_STANDARD = gnu99;
				GCC_WARN_64_TO_32_BIT_CONVERSION = YES;
				GCC_WARN_ABOUT_RETURN_TYPE = YES_ERROR;
				GCC_WARN_UNDECLARED_SELECTOR = YES;
				GCC_WARN_UNINITIALIZED_AUTOS = YES_AGGRESSIVE;
				GCC_WARN_UNUSED_FUNCTION = YES;
				GCC_WARN_UNUSED_VARIABLE = YES;
				IPHONEOS_DEPLOYMENT_TARGET = 7.1;
				SDKROOT = iphoneos;
				TARGETED_DEVICE_FAMILY = "1,2";
				VALIDATE_PRODUCT = YES;
			};
			name = Release;
		};
		B48045A719F973B300BB995D /* Debug */ = {
			isa = XCBuildConfiguration;
			buildSettings = {
				ASSETCATALOG_COMPILER_APPICON_NAME = AppIcon;
				ASSETCATALOG_COMPILER_LAUNCHIMAGE_NAME = LaunchImage;
				GCC_PRECOMPILE_PREFIX_HEADER = YES;
				GCC_PREFIX_HEADER = "ScrapeIt/ScrapeIt-Prefix.pch";
				HEADER_SEARCH_PATHS = (
					"$(inherited)",
					/Applications/Xcode.app/Contents/Developer/Toolchains/XcodeDefault.xctoolchain/usr/include,
					"$(SDKROOT)/usr/include/libxml2",
				);
				INFOPLIST_FILE = "ScrapeIt/ScrapeIt-Info.plist";
				PRODUCT_NAME = "$(TARGET_NAME)";
				WRAPPER_EXTENSION = app;
			};
			name = Debug;
		};
		B48045A819F973B300BB995D /* Release */ = {
			isa = XCBuildConfiguration;
			buildSettings = {
				ASSETCATALOG_COMPILER_APPICON_NAME = AppIcon;
				ASSETCATALOG_COMPILER_LAUNCHIMAGE_NAME = LaunchImage;
				GCC_PRECOMPILE_PREFIX_HEADER = YES;
				GCC_PREFIX_HEADER = "ScrapeIt/ScrapeIt-Prefix.pch";
				HEADER_SEARCH_PATHS = (
					"$(inherited)",
					/Applications/Xcode.app/Contents/Developer/Toolchains/XcodeDefault.xctoolchain/usr/include,
					"$(SDKROOT)/usr/include/libxml2",
				);
				INFOPLIST_FILE = "ScrapeIt/ScrapeIt-Info.plist";
				PRODUCT_NAME = "$(TARGET_NAME)";
				WRAPPER_EXTENSION = app;
			};
			name = Release;
		};
		B48045AA19F973B300BB995D /* Debug */ = {
			isa = XCBuildConfiguration;
			buildSettings = {
				BUNDLE_LOADER = "$(BUILT_PRODUCTS_DIR)/ScrapeIt.app/ScrapeIt";
				FRAMEWORK_SEARCH_PATHS = (
					"$(SDKROOT)/Developer/Library/Frameworks",
					"$(inherited)",
					"$(DEVELOPER_FRAMEWORKS_DIR)",
				);
				GCC_PRECOMPILE_PREFIX_HEADER = YES;
				GCC_PREFIX_HEADER = "ScrapeIt/ScrapeIt-Prefix.pch";
				GCC_PREPROCESSOR_DEFINITIONS = (
					"DEBUG=1",
					"$(inherited)",
				);
				INFOPLIST_FILE = "ScrapeItTests/ScrapeItTests-Info.plist";
				PRODUCT_NAME = "$(TARGET_NAME)";
				TEST_HOST = "$(BUNDLE_LOADER)";
				WRAPPER_EXTENSION = xctest;
			};
			name = Debug;
		};
		B48045AB19F973B300BB995D /* Release */ = {
			isa = XCBuildConfiguration;
			buildSettings = {
				BUNDLE_LOADER = "$(BUILT_PRODUCTS_DIR)/ScrapeIt.app/ScrapeIt";
				FRAMEWORK_SEARCH_PATHS = (
					"$(SDKROOT)/Developer/Library/Frameworks",
					"$(inherited)",
					"$(DEVELOPER_FRAMEWORKS_DIR)",
				);
				GCC_PRECOMPILE_PREFIX_HEADER = YES;
				GCC_PREFIX_HEADER = "ScrapeIt/ScrapeIt-Prefix.pch";
				INFOPLIST_FILE = "ScrapeItTests/ScrapeItTests-Info.plist";
				PRODUCT_NAME = "$(TARGET_NAME)";
				TEST_HOST = "$(BUNDLE_LOADER)";
				WRAPPER_EXTENSION = xctest;
			};
			name = Release;
		};
/* End XCBuildConfiguration section */

/* Begin XCConfigurationList section */
		B480456C19F973B200BB995D /* Build configuration list for PBXProject "ScrapeIt" */ = {
			isa = XCConfigurationList;
			buildConfigurations = (
				B48045A419F973B300BB995D /* Debug */,
				B48045A519F973B300BB995D /* Release */,
			);
			defaultConfigurationIsVisible = 0;
			defaultConfigurationName = Release;
		};
		B48045A619F973B300BB995D /* Build configuration list for PBXNativeTarget "ScrapeIt" */ = {
			isa = XCConfigurationList;
			buildConfigurations = (
				B48045A719F973B300BB995D /* Debug */,
				B48045A819F973B300BB995D /* Release */,
			);
			defaultConfigurationIsVisible = 0;
			defaultConfigurationName = Release;
		};
		B48045A919F973B300BB995D /* Build configuration list for PBXNativeTarget "ScrapeItTests" */ = {
			isa = XCConfigurationList;
			buildConfigurations = (
				B48045AA19F973B300BB995D /* Debug */,
				B48045AB19F973B300BB995D /* Release */,
			);
			defaultConfigurationIsVisible = 0;
			defaultConfigurationName = Release;
		};
/* End XCConfigurationList section */
	};
	rootObject = B480456919F973B200BB995D /* Project object */;
}
